# This lockfile ensures reproducible builds by pinning exact versions and hashes
# Direct dependencies
argon2-cffi==25.1.0 \
    --hash=sha256:fdc8b074db390fccb6eb4a3604ae7231f219aa669a2652e0f20e16ba513d5741
cryptography==50.0.0 \
    --hash=sha256:82148ec5bddac30b51a5b3c1945075f896fa022cb93f8e4a01e9f6ee95292c5f
# Transitive dependency of argon2-cffi
argon2-cffi-bindings==25.1.0 \
    --hash=sha256:d3e924cfc503018a714f94a49a149fdc0b644eaead5d1f089330399134fa028a

# To install from this lockfile:
# pip install --require-hashes -r requirements.lock